{
  "name": "zenemootech-root",
  "version": "1.0.0",
  "lockfileVersion": 3,
  "requires": true,
  "packages": {
    "": {
      "name": "zenemootech-root",
      "version": "1.0.0",
      "dependencies": {
        "@getbrevo/brevo": "^6.0.2"
      }
    },
    "node_modules/@getbrevo/brevo": {
      "version": "6.0.2",
      "resolved": "https://registry.npmjs.org/@getbrevo/brevo/-/brevo-6.0.2.tgz",
      "integrity": "sha512-yxyacx4wkuWcCbFDdFE3RxklaHSGXEP3d0gZaxPy+9aBquvl4ksr7IQgbRCcF8crx5aRvpStVBLeh5iCbWHJrg==",
      "engines": {
        "node": ">=18.0.0"
      }
    }
  }
}
